PODS:
  - FullStory (1.37.1)
  - Rudder (1.15.1)
  - Rudder-FullStory (1.0.0):
    - FullStory
    - Rudder (~> 1.12)

DEPENDENCIES:
  - "FullStory (from `{:http=>\"https://ios-releases.fullstory.com/fullstory-1.37.1-xcframework.tar.gz\"}`)"
  - Rudder-FullStory (from `../`)

SPEC REPOS:
  trunk:
    - Rudder

EXTERNAL SOURCES:
  FullStory:
    :http: https://ios-releases.fullstory.com/fullstory-1.37.1-xcframework.tar.gz
  Rudder-FullStory:
    :path: "../"

CHECKOUT OPTIONS:
  FullStory:
    :http: https://ios-releases.fullstory.com/fullstory-1.37.1-xcframework.tar.gz

SPEC CHECKSUMS:
  FullStory: c6745942411596a6a2fdbb2de8d3c43698c3f25c
  Rudder: 41040d4537a178e4e32477b68400f98ca0c354eb
  Rudder-FullStory: 641f1a82be0fea5bfae2a2cd5e7129d7985605e2

PODFILE CHECKSUM: 226e4c399c52d678b141fe4bb0ca23d685d51468

COCOAPODS: 1.11.3
