PODS:
  - FullStory (1.43.1)
  - Rudder (1.17.0)
  - Rudder-FullStory (1.1.0):
    - FullStory
    - Rudder (~> 1.12)

DEPENDENCIES:
  - "FullStory (from `{:http=>\"https://ios-releases.fullstory.com/fullstory-1.43.1-xcframework.tar.gz\"}`)"
  - Rudder-FullStory (from `../`)

SPEC REPOS:
  trunk:
    - Rudder

EXTERNAL SOURCES:
  FullStory:
    :http: https://ios-releases.fullstory.com/fullstory-1.43.1-xcframework.tar.gz
  Rudder-FullStory:
    :path: "../"

CHECKOUT OPTIONS:
  FullStory:
    :http: https://ios-releases.fullstory.com/fullstory-1.43.1-xcframework.tar.gz

SPEC CHECKSUMS:
  FullStory: bb2904122e5a577877287bbab2390a8979fbdbd5
  Rudder: 3f4ab09638452282a22b96a388b54132dcd3fca8
  Rudder-FullStory: 7e881aa59c19cfd584d668fddb2e7e96e9e91b5d

PODFILE CHECKSUM: db0b2a195bf104eae07eca7da0fa6fc306c15446

COCOAPODS: 1.15.2
